
Microsoft Visual Studio Solution File, Format Version 12.00
# Visual Studio Version 17
VisualStudioVersion = 17.0.31912.275
MinimumVisualStudioVersion = 10.0.40219.1
Project("{FAE04EC0-301F-11D3-BF4B-00C04F79EFBC}") = "VoiceDetection", "VoiceDetection\VoiceDetection.csproj", "{CA82380D-63A2-45A6-AFF8-472448DE4061}"
EndProject
Project("{9A19103F-16F7-4668-BE54-9A1E7A4F7556}") = "VoiceDetectionKakao", "VoiceDetectionKakao\VoiceDetectionKakao.csproj", "{C82ECACB-599B-4AE4-97D3-A7E9FC085971}"
EndProject
Project("{9A19103F-16F7-4668-BE54-9A1E7A4F7556}") = "VoiceDetectionGoogle", "VoiceDetectionGoogle\VoiceDetectionGoogle.csproj", "{F07ECC8B-501C-4DEF-8C8E-7268278B05D8}"
EndProject
Project("{FAE04EC0-301F-11D3-BF4B-00C04F79EFBC}") = "VoiceDetectionEtri", "VoiceDetectionEtri\VoiceDetectionEtri.csproj", "{C443926C-454C-4639-8D27-B3EB8BF23533}"
EndProject
Global
	GlobalSection(SolutionConfigurationPlatforms) = preSolution
		Debug|Any CPU = Debug|Any CPU
		Release|Any CPU = Release|Any CPU
	EndGlobalSection
	GlobalSection(ProjectConfigurationPlatforms) = postSolution
		{CA82380D-63A2-45A6-AFF8-472448DE4061}.Debug|Any CPU.ActiveCfg = Debug|Any CPU
		{CA82380D-63A2-45A6-AFF8-472448DE4061}.Debug|Any CPU.Build.0 = Debug|Any CPU
		{CA82380D-63A2-45A6-AFF8-472448DE4061}.Release|Any CPU.ActiveCfg = Release|Any CPU
		{CA82380D-63A2-45A6-AFF8-472448DE4061}.Release|Any CPU.Build.0 = Release|Any CPU
		{C82ECACB-599B-4AE4-97D3-A7E9FC085971}.Debug|Any CPU.ActiveCfg = Debug|Any CPU
		{C82ECACB-599B-4AE4-97D3-A7E9FC085971}.Debug|Any CPU.Build.0 = Debug|Any CPU
		{C82ECACB-599B-4AE4-97D3-A7E9FC085971}.Release|Any CPU.ActiveCfg = Release|Any CPU
		{C82ECACB-599B-4AE4-97D3-A7E9FC085971}.Release|Any CPU.Build.0 = Release|Any CPU
		{F07ECC8B-501C-4DEF-8C8E-7268278B05D8}.Debug|Any CPU.ActiveCfg = Debug|Any CPU
		{F07ECC8B-501C-4DEF-8C8E-7268278B05D8}.Debug|Any CPU.Build.0 = Debug|Any CPU
		{F07ECC8B-501C-4DEF-8C8E-7268278B05D8}.Release|Any CPU.ActiveCfg = Release|Any CPU
		{F07ECC8B-501C-4DEF-8C8E-7268278B05D8}.Release|Any CPU.Build.0 = Release|Any CPU
		{C443926C-454C-4639-8D27-B3EB8BF23533}.Debug|Any CPU.ActiveCfg = Debug|Any CPU
		{C443926C-454C-4639-8D27-B3EB8BF23533}.Debug|Any CPU.Build.0 = Debug|Any CPU
		{C443926C-454C-4639-8D27-B3EB8BF23533}.Release|Any CPU.ActiveCfg = Release|Any CPU
		{C443926C-454C-4639-8D27-B3EB8BF23533}.Release|Any CPU.Build.0 = Release|Any CPU
	EndGlobalSection
	GlobalSection(SolutionProperties) = preSolution
		HideSolutionNode = FALSE
	EndGlobalSection
	GlobalSection(ExtensibilityGlobals) = postSolution
		SolutionGuid = {29EEC3CE-2BE9-4911-AFE5-BF31B1A17058}
	EndGlobalSection
EndGlobal
